
Microsoft Visual Studio Solution File, Format Version 12.00
# Visual Studio Version 16
VisualStudioVersion = 16.0.29123.88
MinimumVisualStudioVersion = 10.0.40219.1
Project("{2150E333-8FDC-42A3-9474-1A3956D46DE8}") = "Application", "Application", "{182022F9-DEBB-494F-A395-7E1923CCC121}"
EndProject
Project("{2150E333-8FDC-42A3-9474-1A3956D46DE8}") = "Domain", "Domain", "{23CD295C-9A93-450D-888E-883DBDE15CC0}"
EndProject
Project("{2150E333-8FDC-42A3-9474-1A3956D46DE8}") = "Infra.IoC", "Infra.IoC", "{70BC72BB-721C-40F9-84D0-D4209AEC7A0D}"
EndProject
Project("{2150E333-8FDC-42A3-9474-1A3956D46DE8}") = "Infra.Data", "Infra.Data", "{8C3DD19F-FE08-4B63-9435-D52327FB5697}"
EndProject
Project("{2150E333-8FDC-42A3-9474-1A3956D46DE8}") = "Presentation", "Presentation", "{8B159B33-9D0A-47B7-A430-5D60E9451A42}"
EndProject
Project("{9A19103F-16F7-4668-BE54-9A1E7A4F7556}") = "CleanArch.Mvc", "CleanArch.Mvc\CleanArch.Mvc.csproj", "{DCFF5D66-809F-452D-A219-5F16CFB61792}"
EndProject
Project("{FAE04EC0-301F-11D3-BF4B-00C04F79EFBC}") = "CleanArch.Domain", "CleanArch.Domain\CleanArch.Domain.csproj", "{5029CB49-1D13-4DE8-A757-B2810141DE10}"
EndProject
Global
	GlobalSection(SolutionConfigurationPlatforms) = preSolution
		Debug|Any CPU = Debug|Any CPU
		Release|Any CPU = Release|Any CPU
	EndGlobalSection
	GlobalSection(ProjectConfigurationPlatforms) = postSolution
		{DCFF5D66-809F-452D-A219-5F16CFB61792}.Debug|Any CPU.ActiveCfg = Debug|Any CPU
		{DCFF5D66-809F-452D-A219-5F16CFB61792}.Debug|Any CPU.Build.0 = Debug|Any CPU
		{DCFF5D66-809F-452D-A219-5F16CFB61792}.Release|Any CPU.ActiveCfg = Release|Any CPU
		{DCFF5D66-809F-452D-A219-5F16CFB61792}.Release|Any CPU.Build.0 = Release|Any CPU
		{5029CB49-1D13-4DE8-A757-B2810141DE10}.Debug|Any CPU.ActiveCfg = Debug|Any CPU
		{5029CB49-1D13-4DE8-A757-B2810141DE10}.Debug|Any CPU.Build.0 = Debug|Any CPU
		{5029CB49-1D13-4DE8-A757-B2810141DE10}.Release|Any CPU.ActiveCfg = Release|Any CPU
		{5029CB49-1D13-4DE8-A757-B2810141DE10}.Release|Any CPU.Build.0 = Release|Any CPU
	EndGlobalSection
	GlobalSection(SolutionProperties) = preSolution
		HideSolutionNode = FALSE
	EndGlobalSection
	GlobalSection(NestedProjects) = preSolution
		{DCFF5D66-809F-452D-A219-5F16CFB61792} = {8B159B33-9D0A-47B7-A430-5D60E9451A42}
		{5029CB49-1D13-4DE8-A757-B2810141DE10} = {23CD295C-9A93-450D-888E-883DBDE15CC0}
	EndGlobalSection
	GlobalSection(ExtensibilityGlobals) = postSolution
		SolutionGuid = {69AE547D-8D80-4E46-AE70-74B59DFDF5CA}
	EndGlobalSection
EndGlobal
